
Microsoft Visual Studio Solution File, Format Version 12.00
# Visual Studio Version 17
VisualStudioVersion = 17.1.32228.430
MinimumVisualStudioVersion = 10.0.40219.1
Project("{9A19103F-16F7-4668-BE54-9A1E7A4F7556}") = "SFAS.API", "..\SFASAPI\SFAS.API.csproj", "{B74A1498-8EDD-40C6-BFB7-B3CEDFC423AC}"
EndProject
Project("{9A19103F-16F7-4668-BE54-9A1E7A4F7556}") = "SFAS.Database", "..\SFAS.Database\SFAS.Database.csproj", "{273EBE41-C18D-40AA-9F8B-B91315C90454}"
EndProject
Project("{9A19103F-16F7-4668-BE54-9A1E7A4F7556}") = "SFAS.Services", "..\SFAS.Services\SFAS.Services.csproj", "{F87163D5-AF5E-4859-93B3-F79613A8EFB3}"
EndProject
Project("{9A19103F-16F7-4668-BE54-9A1E7A4F7556}") = "SFAS.Common", "SFAS.Common\SFAS.Common.csproj", "{9312B2E8-6DE7-4EA0-9DF2-559C608F515D}"
EndProject
Global
	GlobalSection(SolutionConfigurationPlatforms) = preSolution
		Debug|Any CPU = Debug|Any CPU
		Release|Any CPU = Release|Any CPU
	EndGlobalSection
	GlobalSection(ProjectConfigurationPlatforms) = postSolution
		{B74A1498-8EDD-40C6-BFB7-B3CEDFC423AC}.Debug|Any CPU.ActiveCfg = Debug|Any CPU
		{B74A1498-8EDD-40C6-BFB7-B3CEDFC423AC}.Debug|Any CPU.Build.0 = Debug|Any CPU
		{B74A1498-8EDD-40C6-BFB7-B3CEDFC423AC}.Release|Any CPU.ActiveCfg = Release|Any CPU
		{B74A1498-8EDD-40C6-BFB7-B3CEDFC423AC}.Release|Any CPU.Build.0 = Release|Any CPU
		{273EBE41-C18D-40AA-9F8B-B91315C90454}.Debug|Any CPU.ActiveCfg = Debug|Any CPU
		{273EBE41-C18D-40AA-9F8B-B91315C90454}.Debug|Any CPU.Build.0 = Debug|Any CPU
		{273EBE41-C18D-40AA-9F8B-B91315C90454}.Release|Any CPU.ActiveCfg = Release|Any CPU
		{273EBE41-C18D-40AA-9F8B-B91315C90454}.Release|Any CPU.Build.0 = Release|Any CPU
		{F87163D5-AF5E-4859-93B3-F79613A8EFB3}.Debug|Any CPU.ActiveCfg = Debug|Any CPU
		{F87163D5-AF5E-4859-93B3-F79613A8EFB3}.Debug|Any CPU.Build.0 = Debug|Any CPU
		{F87163D5-AF5E-4859-93B3-F79613A8EFB3}.Release|Any CPU.ActiveCfg = Release|Any CPU
		{F87163D5-AF5E-4859-93B3-F79613A8EFB3}.Release|Any CPU.Build.0 = Release|Any CPU
		{9312B2E8-6DE7-4EA0-9DF2-559C608F515D}.Debug|Any CPU.ActiveCfg = Debug|Any CPU
		{9312B2E8-6DE7-4EA0-9DF2-559C608F515D}.Debug|Any CPU.Build.0 = Debug|Any CPU
		{9312B2E8-6DE7-4EA0-9DF2-559C608F515D}.Release|Any CPU.ActiveCfg = Release|Any CPU
		{9312B2E8-6DE7-4EA0-9DF2-559C608F515D}.Release|Any CPU.Build.0 = Release|Any CPU
	EndGlobalSection
	GlobalSection(SolutionProperties) = preSolution
		HideSolutionNode = FALSE
	EndGlobalSection
	GlobalSection(ExtensibilityGlobals) = postSolution
		SolutionGuid = {75078D52-C6DD-4166-8438-B2C2F2CFD18E}
	EndGlobalSection
EndGlobal
